version: 1
generated_at: 2026-08-04T13:15:44Z
internal: []
trusted:
  - action: actions/cache
    refs:
      - 0057852bfaa89a56745cba8c7296529d2fc39830
    occurrences:
      0057852bfaa89a56745cba8c7296529d2fc39830:
        .github/workflows/ci.yaml:
          - jobs.test.steps.[3].uses
  - action: actions/checkout
    refs:
      - 34e114876b0b11c390a56381ad16ebd13914f8d5
    occurrences:
      34e114876b0b11c390a56381ad16ebd13914f8d5:
        .github/workflows/ci.yaml:
          - jobs.test.steps.[1].uses
          - jobs.permit.steps.[1].uses
          - jobs.publish.steps.[1].uses
external:
  - action: step-security/harden-runner
    refs:
      - 9af89fc71515a100421586dfdb3dc9c984fbf411
    occurrences:
      9af89fc71515a100421586dfdb3dc9c984fbf411:
        .github/workflows/ci.yaml:
          - jobs.test.steps.[0].uses
          - jobs.permit.steps.[0].uses
          - jobs.publish.steps.[0].uses
  - action: step-security/mise-action
    refs:
      - 2796166110dee826668caddd4bffedae5116e7cd
    occurrences:
      2796166110dee826668caddd4bffedae5116e7cd:
        .github/workflows/ci.yaml:
          - jobs.test.steps.[2].uses
          - jobs.publish.steps.[2].uses
local: []
docker: []
dynamic: []
nested_floating_deps: []
