# @generated - this file is auto-generated by `mise lock` https://mise.jdx.dev/dev-tools/mise-lock.html

[[tools.elixir]]
version = "1.18.3-otp-27"
backend = "core:elixir"

[tools.elixir."platforms.linux-arm64"]
checksum = "sha256:9ea6a5dc238bf9dcaaa2b6660c2bb2e36fd889004dde86d8a1c122cc68665476"
url = "https://builds.hex.pm/builds/elixir/v1.18.3-otp-27.zip"

[tools.elixir."platforms.linux-arm64-musl"]
checksum = "sha256:9ea6a5dc238bf9dcaaa2b6660c2bb2e36fd889004dde86d8a1c122cc68665476"
url = "https://builds.hex.pm/builds/elixir/v1.18.3-otp-27.zip"

[tools.elixir."platforms.linux-x64"]
checksum = "sha256:9ea6a5dc238bf9dcaaa2b6660c2bb2e36fd889004dde86d8a1c122cc68665476"
url = "https://builds.hex.pm/builds/elixir/v1.18.3-otp-27.zip"

[tools.elixir."platforms.linux-x64-musl"]
checksum = "sha256:9ea6a5dc238bf9dcaaa2b6660c2bb2e36fd889004dde86d8a1c122cc68665476"
url = "https://builds.hex.pm/builds/elixir/v1.18.3-otp-27.zip"

[tools.elixir."platforms.macos-arm64"]
checksum = "sha256:9ea6a5dc238bf9dcaaa2b6660c2bb2e36fd889004dde86d8a1c122cc68665476"
url = "https://builds.hex.pm/builds/elixir/v1.18.3-otp-27.zip"

[tools.elixir."platforms.macos-x64"]
checksum = "sha256:9ea6a5dc238bf9dcaaa2b6660c2bb2e36fd889004dde86d8a1c122cc68665476"
url = "https://builds.hex.pm/builds/elixir/v1.18.3-otp-27.zip"

[tools.elixir."platforms.windows-x64"]
checksum = "sha256:9ea6a5dc238bf9dcaaa2b6660c2bb2e36fd889004dde86d8a1c122cc68665476"
url = "https://builds.hex.pm/builds/elixir/v1.18.3-otp-27.zip"

[[tools.erlang]]
version = "27.3"
backend = "core:erlang"

[tools.erlang.options]
precompiled_os = "ubuntu-22.04"

[tools.erlang."platforms.linux-arm64"]
checksum = "sha256:a2e25d93f317ba79c1e02a130abaf8f0a4dbe14529c89573d2048c593d66dbde"
url = "https://builds.hex.pm/builds/otp/arm64/ubuntu-22.04/OTP-27.3.tar.gz"

[tools.erlang."platforms.linux-x64"]
checksum = "sha256:e2ea265a971505cbf7d85620ab7c53b67bfac213039f4b0d75ee45bb6052dafe"
url = "https://builds.hex.pm/builds/otp/amd64/ubuntu-22.04/OTP-27.3.tar.gz"

[[tools.erlang]]
version = "27.3"
backend = "core:erlang"

[tools.erlang.options]
precompiled_os = "ubuntu-24.04"

[tools.erlang."platforms.linux-arm64"]
checksum = "sha256:9778dce24766996fa6ab89f754707f7cb27761623bbf90398941051e87bb2613"
url = "https://builds.hex.pm/builds/otp/arm64/ubuntu-24.04/OTP-27.3.tar.gz"

[tools.erlang."platforms.linux-x64"]
checksum = "sha256:81bd76d88adfd8a81c3b0cf9aae766779d1e316b9c2f2dbfc17bd22cd5a62833"
url = "https://builds.hex.pm/builds/otp/amd64/ubuntu-24.04/OTP-27.3.tar.gz"

[[tools.erlang]]
version = "27.3"
backend = "core:erlang"

[tools.erlang."platforms.linux-arm64-musl"]
url = "https://github.com/erlang/otp/releases/download/OTP-27.3/otp_src_27.3.tar.gz"
url_api = "https://api.github.com/repos/erlang/otp/releases/assets/234789168"
install = "source"

[tools.erlang."platforms.linux-x64-musl"]
url = "https://github.com/erlang/otp/releases/download/OTP-27.3/otp_src_27.3.tar.gz"
url_api = "https://api.github.com/repos/erlang/otp/releases/assets/234789168"
install = "source"

[tools.erlang."platforms.macos-arm64"]
url = "https://github.com/erlef/otp_builds/releases/download/OTP-27.3/otp-aarch64-apple-darwin.tar.gz"
url_api = "https://api.github.com/repos/erlef/otp_builds/releases/assets/234787082"

[tools.erlang."platforms.macos-x64"]
url = "https://github.com/erlef/otp_builds/releases/download/OTP-27.3/otp-x86_64-apple-darwin.tar.gz"
url_api = "https://api.github.com/repos/erlef/otp_builds/releases/assets/234787334"

[tools.erlang."platforms.windows-x64"]
url = "https://github.com/erlang/otp/releases/download/OTP-27.3/otp_win64_27.3.zip"
url_api = "https://api.github.com/repos/erlang/otp/releases/assets/234809623"
